
Microsoft Visual Studio Solution File, Format Version 12.00
# Visual Studio Version 17
VisualStudioVersion = 17.14.36221.1 d17.14
MinimumVisualStudioVersion = 10.0.40219.1
Project("{FAE04EC0-301F-11D3-BF4B-00C04F79EFBC}") = "Qentry", "Qentry\Qentry.csproj", "{77432273-2774-4959-8717-C988E561B518}"
EndProject
Global
	GlobalSection(SolutionConfigurationPlatforms) = preSolution
		Debug|Any CPU = Debug|Any CPU
		Release|Any CPU = Release|Any CPU
	EndGlobalSection
	GlobalSection(ProjectConfigurationPlatforms) = postSolution
		{77432273-2774-4959-8717-C988E561B518}.Debug|Any CPU.ActiveCfg = Debug|Any CPU
		{77432273-2774-4959-8717-C988E561B518}.Debug|Any CPU.Build.0 = Debug|Any CPU
		{77432273-2774-4959-8717-C988E561B518}.Release|Any CPU.ActiveCfg = Release|Any CPU
		{77432273-2774-4959-8717-C988E561B518}.Release|Any CPU.Build.0 = Release|Any CPU
	EndGlobalSection
	GlobalSection(SolutionProperties) = preSolution
		HideSolutionNode = FALSE
	EndGlobalSection
	GlobalSection(ExtensibilityGlobals) = postSolution
		SolutionGuid = {57F733EA-C58B-43EC-997B-56AB3D1A47AE}
	EndGlobalSection
EndGlobal
